lockfileVersion: '6.0'

settings:
  autoInstallPeers: true
  excludeLinksFromLockfile: false

dependencies:
  zenn-cli:
    specifier: ^0.1.146
    version: 0.1.146

packages:

  /zenn-cli@0.1.146:
    resolution: {integrity: sha512-IjxTGvaatNpaTl/3spegOqSIOZOZG+QAllbQjlsgS3yxKRWZZ4dl2XRpTpaI5Qg9E4NCuX5EZ9+SM+9cxdzSgQ==}
    engines: {node: '>=14.0.0'}
    hasBin: true
    dev: false
