# THIS IS AN AUTOGENERATED FILE. DO NOT EDIT THIS FILE DIRECTLY.
# yarn lockfile v1


"zenn-cli@^0.1.143":
  "integrity" "sha512-LW11tcLK4yLIW32NiVAHXgb5hOzRaClNag4/hhOXSFZ0IroF7XLgBN/IgbLk9sz8fX3XjhgptX8mDJC50JxBDA=="
  "resolved" "https://registry.npmjs.org/zenn-cli/-/zenn-cli-0.1.143.tgz"
  "version" "0.1.143"
